// !$*UTF8*$!
{
	archiveVersion = 1;
	classes = {
	};
	objectVersion = 56;
	objects = {

/* Begin PBXFileReference section */
		90F649B22D0D7E7F00531E56 /* index.html */ = {isa = PBXFileReference; lastKnownFileType = text.html; path = index.html; sourceTree = "<group>"; };
		90F649B32D0D7E8B00531E56 /* styles.css */ = {isa = PBXFileReference; lastKnownFileType = text.css; path = styles.css; sourceTree = "<group>"; };
		90F649B42D0D7E9C00531E56 /* Registration Form.txt */ = {isa = PBXFileReference; lastKnownFileType = text; path = "Registration Form.txt"; sourceTree = "<group>"; };
/* End PBXFileReference section */

/* Begin PBXGroup section */
		90F649AB2D0D7DFF00531E56 = {
			isa = PBXGroup;
			children = (
				90F649B42D0D7E9C00531E56 /* Registration Form.txt */,
				90F649B32D0D7E8B00531E56 /* styles.css */,
				90F649B22D0D7E7F00531E56 /* index.html */,
			);
			sourceTree = "<group>";
		};
/* End PBXGroup section */

/* Begin PBXProject section */
		90F649AC2D0D7DFF00531E56 /* Project object */ = {
			isa = PBXProject;
			attributes = {
				BuildIndependentTargetsInParallel = 1;
				LastUpgradeCheck = 1520;
			};
			buildConfigurationList = 90F649AF2D0D7DFF00531E56 /* Build configuration list for PBXProject "Registration Form" */;
			compatibilityVersion = "Xcode 14.0";
			developmentRegion = en;
			hasScannedForEncodings = 0;
			knownRegions = (
				en,
				Base,
			);
			mainGroup = 90F649AB2D0D7DFF00531E56;
			projectDirPath = "";
			projectRoot = "";
			targets = (
			);
		};
/* End PBXProject section */

/* Begin XCBuildConfiguration section */
		90F649B02D0D7DFF00531E56 /* Debug */ = {
			isa = XCBuildConfiguration;
			buildSettings = {
			};
			name = Debug;
		};
		90F649B12D0D7DFF00531E56 /* Release */ = {
			isa = XCBuildConfiguration;
			buildSettings = {
			};
			name = Release;
		};
/* End XCBuildConfiguration section */

/* Begin XCConfigurationList section */
		90F649AF2D0D7DFF00531E56 /* Build configuration list for PBXProject "Registration Form" */ = {
			isa = XCConfigurationList;
			buildConfigurations = (
				90F649B02D0D7DFF00531E56 /* Debug */,
				90F649B12D0D7DFF00531E56 /* Release */,
			);
			defaultConfigurationIsVisible = 0;
			defaultConfigurationName = Release;
		};
/* End XCConfigurationList section */
	};
	rootObject = 90F649AC2D0D7DFF00531E56 /* Project object */;
}
